<?xml version="1.0" encoding="UTF-8"?>
<Scheme
   version = "1.3">
   <BuildAction>
      <BuildActionEntries>
         <BuildActionEntry
            buildForRunning = "YES">
            <BuildableReference
               BuildableIdentifier = "primary"
               BlueprintIdentifier = "CD5D4D9E252F0EAE00F109C6"
               BuildableName = "TLActionSheet.app"
               BlueprintName = "TLActionSheet"
               ReferencedContainer = "container:TLActionSheet.xcodeproj">
            </BuildableReference>
         </BuildActionEntry>
      </BuildActionEntries>
   </BuildAction>
   <LaunchAction
      useCustomWorkingDirectory = "NO"
      buildConfiguration = "Debug"
      allowLocationSimulation = "YES">
      <BuildableProductRunnable>
         <BuildableReference
            BuildableIdentifier = "primary"
            BlueprintIdentifier = "CD5D4D9E252F0EAE00F109C6"
            BuildableName = "TLActionSheet.app"
            BlueprintName = "TLActionSheet"
            ReferencedContainer = "container:TLActionSheet.xcodeproj">
         </BuildableReference>
      </BuildableProductRunnable>
   </LaunchAction>
</Scheme>
